
Microsoft Visual Studio Solution File, Format Version 12.00
# Visual Studio Version 16
VisualStudioVersion = 16.0.31019.35
MinimumVisualStudioVersion = 10.0.40219.1
Project("{FAE04EC0-301F-11D3-BF4B-00C04F79EFBC}") = "POApp", "POApp\POApp.csproj", "{FBE56C42-C799-4669-848B-75231C4F858B}"
EndProject
Global
	GlobalSection(SolutionConfigurationPlatforms) = preSolution
		Debug|Any CPU = Debug|Any CPU
		Release|Any CPU = Release|Any CPU
	EndGlobalSection
	GlobalSection(ProjectConfigurationPlatforms) = postSolution
		{FBE56C42-C799-4669-848B-75231C4F858B}.Debug|Any CPU.ActiveCfg = Debug|Any CPU
		{FBE56C42-C799-4669-848B-75231C4F858B}.Debug|Any CPU.Build.0 = Debug|Any CPU
		{FBE56C42-C799-4669-848B-75231C4F858B}.Release|Any CPU.ActiveCfg = Release|Any CPU
		{FBE56C42-C799-4669-848B-75231C4F858B}.Release|Any CPU.Build.0 = Release|Any CPU
	EndGlobalSection
	GlobalSection(SolutionProperties) = preSolution
		HideSolutionNode = FALSE
	EndGlobalSection
	GlobalSection(ExtensibilityGlobals) = postSolution
		SolutionGuid = {D7F2B5CD-4DA9-4D34-8A8B-C3D8E0C35072}
	EndGlobalSection
EndGlobal
